{
    "_meta": {
        "hash": {
            "sha256": "bf82f630749b53a6e139ac209d11a45666ca3645e5a49b254f2b086fccb8f254"
        },
        "pipfile-spec": 6,
        "requires": {
            "python_version": "3.10.5"
        },
        "sources": [
            {
                "name": "pypi",
                "url": "https://pypi.org/simple",
                "verify_ssl": true
            }
        ]
    },
    "default": {
        "bottle": {
            "hashes": [
                "sha256:6e1c9817019dae3a8c20adacaf09035251798d2ae2fcc8ce43157ee72965f257",
                "sha256:787c61b6cc02b9c229bf2663011fac53dd8fc197f7f8ad2eeede29d888d7887e"
            ],
            "index": "pypi",
            "version": "==0.12.21"
        },
        "commonmark": {
            "hashes": [
                "sha256:452f9dc859be7f06631ddcb328b6919c67984aca654e5fefb3914d54691aed60",
                "sha256:da2f38c92590f83de410ba1a3cbceafbc74fee9def35f9251ba9a971d6d66fd9"
            ],
            "version": "==0.9.1"
        },
        "pygments": {
            "hashes": [
                "sha256:5eb116118f9612ff1ee89ac96437bb6b49e8f04d8a13b514ba26f620208e26eb",
                "sha256:dc9c10fb40944260f6ed4c688ece0cd2048414940f1cea51b8b226318411c519"
            ],
            "markers": "python_version >= '3.6'",
            "version": "==2.12.0"
        },
        "rich": {
            "hashes": [
                "sha256:2eb4e6894cde1e017976d2975ac210ef515d7548bc595ba20e195fb9628acdeb",
                "sha256:63a5c5ce3673d3d5fbbf23cd87e11ab84b6b451436f1b7f19ec54b6bc36ed7ca"
            ],
            "index": "pypi",
            "version": "==12.5.1"
        }
    },
    "develop": {}
}
